
Microsoft Visual Studio Solution File, Format Version 12.00
# Visual Studio Version 17
VisualStudioVersion = 17.5.002.0
MinimumVisualStudioVersion = 10.0.40219.1
Project("{9A19103F-16F7-4668-BE54-9A1E7A4F7556}") = "1017 - Gasto de Combustível", "1017 - Gasto de Combustível.csproj", "{6156F144-45CB-4573-B490-46FF3F9B18F2}"
EndProject
Global
	GlobalSection(SolutionConfigurationPlatforms) = preSolution
		Debug|Any CPU = Debug|Any CPU
		Release|Any CPU = Release|Any CPU
	EndGlobalSection
	GlobalSection(ProjectConfigurationPlatforms) = postSolution
		{6156F144-45CB-4573-B490-46FF3F9B18F2}.Debug|Any CPU.ActiveCfg = Debug|Any CPU
		{6156F144-45CB-4573-B490-46FF3F9B18F2}.Debug|Any CPU.Build.0 = Debug|Any CPU
		{6156F144-45CB-4573-B490-46FF3F9B18F2}.Release|Any CPU.ActiveCfg = Release|Any CPU
		{6156F144-45CB-4573-B490-46FF3F9B18F2}.Release|Any CPU.Build.0 = Release|Any CPU
	EndGlobalSection
	GlobalSection(SolutionProperties) = preSolution
		HideSolutionNode = FALSE
	EndGlobalSection
	GlobalSection(ExtensibilityGlobals) = postSolution
		SolutionGuid = {253AF39B-503D-4DE2-BDA8-0B19F7658160}
	EndGlobalSection
EndGlobal
