
Microsoft Visual Studio Solution File, Format Version 12.00
# Visual Studio Version 17
VisualStudioVersion = 17.5.002.0
MinimumVisualStudioVersion = 10.0.40219.1
Project("{9A19103F-16F7-4668-BE54-9A1E7A4F7556}") = "1066 - Pares, Ímpares, Positivos e Negativos", "1066 - Pares, Ímpares, Positivos e Negativos.csproj", "{1C809E3E-5BA3-4623-BC29-C2445AE074A1}"
EndProject
Global
	GlobalSection(SolutionConfigurationPlatforms) = preSolution
		Debug|Any CPU = Debug|Any CPU
		Release|Any CPU = Release|Any CPU
	EndGlobalSection
	GlobalSection(ProjectConfigurationPlatforms) = postSolution
		{1C809E3E-5BA3-4623-BC29-C2445AE074A1}.Debug|Any CPU.ActiveCfg = Debug|Any CPU
		{1C809E3E-5BA3-4623-BC29-C2445AE074A1}.Debug|Any CPU.Build.0 = Debug|Any CPU
		{1C809E3E-5BA3-4623-BC29-C2445AE074A1}.Release|Any CPU.ActiveCfg = Release|Any CPU
		{1C809E3E-5BA3-4623-BC29-C2445AE074A1}.Release|Any CPU.Build.0 = Release|Any CPU
	EndGlobalSection
	GlobalSection(SolutionProperties) = preSolution
		HideSolutionNode = FALSE
	EndGlobalSection
	GlobalSection(ExtensibilityGlobals) = postSolution
		SolutionGuid = {C4A811CF-C73A-4BDE-8AF6-00072BAFD4AC}
	EndGlobalSection
EndGlobal
