
Microsoft Visual Studio Solution File, Format Version 12.00
# Visual Studio Version 17
VisualStudioVersion = 17.5.002.0
MinimumVisualStudioVersion = 10.0.40219.1
Project("{9A19103F-16F7-4668-BE54-9A1E7A4F7556}") = "1036 - Fórmula de Bhaskara", "1036 - Fórmula de Bhaskara.csproj", "{13F04CE5-4C58-41DA-B18F-CEF533D65355}"
EndProject
Global
	GlobalSection(SolutionConfigurationPlatforms) = preSolution
		Debug|Any CPU = Debug|Any CPU
		Release|Any CPU = Release|Any CPU
	EndGlobalSection
	GlobalSection(ProjectConfigurationPlatforms) = postSolution
		{13F04CE5-4C58-41DA-B18F-CEF533D65355}.Debug|Any CPU.ActiveCfg = Debug|Any CPU
		{13F04CE5-4C58-41DA-B18F-CEF533D65355}.Debug|Any CPU.Build.0 = Debug|Any CPU
		{13F04CE5-4C58-41DA-B18F-CEF533D65355}.Release|Any CPU.ActiveCfg = Release|Any CPU
		{13F04CE5-4C58-41DA-B18F-CEF533D65355}.Release|Any CPU.Build.0 = Release|Any CPU
	EndGlobalSection
	GlobalSection(SolutionProperties) = preSolution
		HideSolutionNode = FALSE
	EndGlobalSection
	GlobalSection(ExtensibilityGlobals) = postSolution
		SolutionGuid = {F16851AB-6240-470E-9B78-84336FEF74C2}
	EndGlobalSection
EndGlobal
