
Microsoft Visual Studio Solution File, Format Version 12.00
# Visual Studio Version 17
VisualStudioVersion = 17.5.002.0
MinimumVisualStudioVersion = 10.0.40219.1
Project("{9A19103F-16F7-4668-BE54-9A1E7A4F7556}") = "1035 - Teste de Seleção 1", "1035 - Teste de Seleção 1.csproj", "{206D72C7-9954-4303-8337-413CB061FDDE}"
EndProject
Global
	GlobalSection(SolutionConfigurationPlatforms) = preSolution
		Debug|Any CPU = Debug|Any CPU
		Release|Any CPU = Release|Any CPU
	EndGlobalSection
	GlobalSection(ProjectConfigurationPlatforms) = postSolution
		{206D72C7-9954-4303-8337-413CB061FDDE}.Debug|Any CPU.ActiveCfg = Debug|Any CPU
		{206D72C7-9954-4303-8337-413CB061FDDE}.Debug|Any CPU.Build.0 = Debug|Any CPU
		{206D72C7-9954-4303-8337-413CB061FDDE}.Release|Any CPU.ActiveCfg = Release|Any CPU
		{206D72C7-9954-4303-8337-413CB061FDDE}.Release|Any CPU.Build.0 = Release|Any CPU
	EndGlobalSection
	GlobalSection(SolutionProperties) = preSolution
		HideSolutionNode = FALSE
	EndGlobalSection
	GlobalSection(ExtensibilityGlobals) = postSolution
		SolutionGuid = {EE51E01A-18CA-4CCF-920E-B9E143292E4D}
	EndGlobalSection
EndGlobal
