
Microsoft Visual Studio Solution File, Format Version 12.00
# Visual Studio Version 17
VisualStudioVersion = 17.5.002.0
MinimumVisualStudioVersion = 10.0.40219.1
Project("{9A19103F-16F7-4668-BE54-9A1E7A4F7556}") = "1013 - O Maior", "1013 - O Maior.csproj", "{43E035A1-A234-420B-8AC9-951F409A3EA0}"
EndProject
Global
	GlobalSection(SolutionConfigurationPlatforms) = preSolution
		Debug|Any CPU = Debug|Any CPU
		Release|Any CPU = Release|Any CPU
	EndGlobalSection
	GlobalSection(ProjectConfigurationPlatforms) = postSolution
		{43E035A1-A234-420B-8AC9-951F409A3EA0}.Debug|Any CPU.ActiveCfg = Debug|Any CPU
		{43E035A1-A234-420B-8AC9-951F409A3EA0}.Debug|Any CPU.Build.0 = Debug|Any CPU
		{43E035A1-A234-420B-8AC9-951F409A3EA0}.Release|Any CPU.ActiveCfg = Release|Any CPU
		{43E035A1-A234-420B-8AC9-951F409A3EA0}.Release|Any CPU.Build.0 = Release|Any CPU
	EndGlobalSection
	GlobalSection(SolutionProperties) = preSolution
		HideSolutionNode = FALSE
	EndGlobalSection
	GlobalSection(ExtensibilityGlobals) = postSolution
		SolutionGuid = {B03C4784-B659-4860-9515-2259675893A6}
	EndGlobalSection
EndGlobal
